// !$*UTF8*$!
{
	archiveVersion = 1;
	classes = {
	};
	objectVersion = 56;
	objects = {

/* Begin PBXBuildFile section */
		749BC0E8296D6AAF008A3976 /* AppDelegate.swift in Sources */ = {isa = PBXBuildFile; fileRef = 749BC0E7296D6AAF008A3976 /* AppDelegate.swift */; };
		749BC0EA296D6AAF008A3976 /* SceneDelegate.swift in Sources */ = {isa = PBXBuildFile; fileRef = 749BC0E9296D6AAF008A3976 /* SceneDelegate.swift */; };
		749BC0EC296D6AAF008A3976 /* ViewController.swift in Sources */ = {isa = PBXBuildFile; fileRef = 749BC0EB296D6AAF008A3976 /* ViewController.swift */; };
		749BC0EF296D6AAF008A3976 /* Main.storyboard in Resources */ = {isa = PBXBuildFile; fileRef = 749BC0ED296D6AAF008A3976 /* Main.storyboard */; };
		749BC0F1296D6AB0008A3976 /* Assets.xcassets in Resources */ = {isa = PBXBuildFile; fileRef = 749BC0F0296D6AB0008A3976 /* Assets.xcassets */; };
		749BC0F4296D6AB0008A3976 /* LaunchScreen.storyboard in Resources */ = {isa = PBXBuildFile; fileRef = 749BC0F2296D6AB0008A3976 /* LaunchScreen.storyboard */; };
		749BC100296D6B1A008A3976 /* NewsModel.swift in Sources */ = {isa = PBXBuildFile; fileRef = 749BC0FF296D6B1A008A3976 /* NewsModel.swift */; };
		749BC103296D6B7A008A3976 /* Network.swift in Sources */ = {isa = PBXBuildFile; fileRef = 749BC102296D6B7A008A3976 /* Network.swift */; };
		749BC106296D90A1008A3976 /* Apikey+UrlConstants.swift in Sources */ = {isa = PBXBuildFile; fileRef = 749BC105296D90A1008A3976 /* Apikey+UrlConstants.swift */; };
		749BC108296D9205008A3976 /* Endpoints.swift in Sources */ = {isa = PBXBuildFile; fileRef = 749BC107296D9205008A3976 /* Endpoints.swift */; };
		749BC10A296D988D008A3976 /* Responses.swift in Sources */ = {isa = PBXBuildFile; fileRef = 749BC109296D988D008A3976 /* Responses.swift */; };
		749BC10C296D9AAD008A3976 /* PhotoCellController.swift in Sources */ = {isa = PBXBuildFile; fileRef = 749BC10B296D9AAD008A3976 /* PhotoCellController.swift */; };
		749BC10F296DA11C008A3976 /* UIImageView+Extensions.swift in Sources */ = {isa = PBXBuildFile; fileRef = 749BC10E296DA11C008A3976 /* UIImageView+Extensions.swift */; };
		749BC111296DA140008A3976 /* UIView+Extensions.swift in Sources */ = {isa = PBXBuildFile; fileRef = 749BC110296DA140008A3976 /* UIView+Extensions.swift */; };
/* End PBXBuildFile section */

/* Begin PBXFileReference section */
		749BC0E4296D6AAF008A3976 /* NewsApp-PinsteresLayout.app */ = {isa = PBXFileReference; explicitFileType = wrapper.application; includeInIndex = 0; path = "NewsApp-PinsteresLayout.app"; sourceTree = BUILT_PRODUCTS_DIR; };
		749BC0E7296D6AAF008A3976 /* AppDelegate.swift */ = {isa = PBXFileReference; lastKnownFileType = sourcecode.swift; path = AppDelegate.swift; sourceTree = "<group>"; };
		749BC0E9296D6AAF008A3976 /* SceneDelegate.swift */ = {isa = PBXFileReference; lastKnownFileType = sourcecode.swift; path = SceneDelegate.swift; sourceTree = "<group>"; };
		749BC0EB296D6AAF008A3976 /* ViewController.swift */ = {isa = PBXFileReference; lastKnownFileType = sourcecode.swift; path = ViewController.swift; sourceTree = "<group>"; };
		749BC0EE296D6AAF008A3976 /* Base */ = {isa = PBXFileReference; lastKnownFileType = file.storyboard; name = Base; path = Base.lproj/Main.storyboard; sourceTree = "<group>"; };
		749BC0F0296D6AB0008A3976 /* Assets.xcassets */ = {isa = PBXFileReference; lastKnownFileType = folder.assetcatalog; path = Assets.xcassets; sourceTree = "<group>"; };
		749BC0F3296D6AB0008A3976 /* Base */ = {isa = PBXFileReference; lastKnownFileType = file.storyboard; name = Base; path = Base.lproj/LaunchScreen.storyboard; sourceTree = "<group>"; };
		749BC0F5296D6AB0008A3976 /* Info.plist */ = {isa = PBXFileReference; lastKnownFileType = text.plist.xml; path = Info.plist; sourceTree = "<group>"; };
		749BC0FF296D6B1A008A3976 /* NewsModel.swift */ = {isa = PBXFileReference; lastKnownFileType = sourcecode.swift; path = NewsModel.swift; sourceTree = "<group>"; };
		749BC102296D6B7A008A3976 /* Network.swift */ = {isa = PBXFileReference; lastKnownFileType = sourcecode.swift; path = Network.swift; sourceTree = "<group>"; };
		749BC105296D90A1008A3976 /* Apikey+UrlConstants.swift */ = {isa = PBXFileReference; lastKnownFileType = sourcecode.swift; path = "Apikey+UrlConstants.swift"; sourceTree = "<group>"; };
		749BC107296D9205008A3976 /* Endpoints.swift */ = {isa = PBXFileReference; lastKnownFileType = sourcecode.swift; path = Endpoints.swift; sourceTree = "<group>"; };
		749BC109296D988D008A3976 /* Responses.swift */ = {isa = PBXFileReference; lastKnownFileType = sourcecode.swift; path = Responses.swift; sourceTree = "<group>"; };
		749BC10B296D9AAD008A3976 /* PhotoCellController.swift */ = {isa = PBXFileReference; lastKnownFileType = sourcecode.swift; path = PhotoCellController.swift; sourceTree = "<group>"; };
		749BC10E296DA11C008A3976 /* UIImageView+Extensions.swift */ = {isa = PBXFileReference; lastKnownFileType = sourcecode.swift; path = "UIImageView+Extensions.swift"; sourceTree = "<group>"; };
		749BC110296DA140008A3976 /* UIView+Extensions.swift */ = {isa = PBXFileReference; lastKnownFileType = sourcecode.swift; path = "UIView+Extensions.swift"; sourceTree = "<group>"; };
/* End PBXFileReference section */

/* Begin PBXFrameworksBuildPhase section */
		749BC0E1296D6AAF008A3976 /* Frameworks */ = {
			isa = PBXFrameworksBuildPhase;
			buildActionMask = 2147483647;
			files = (
			);
			runOnlyForDeploymentPostprocessing = 0;
		};
/* End PBXFrameworksBuildPhase section */

/* Begin PBXGroup section */
		749BC0DB296D6AAF008A3976 = {
			isa = PBXGroup;
			children = (
				749BC0E6296D6AAF008A3976 /* NewsApp-PinsteresLayout */,
				749BC0E5296D6AAF008A3976 /* Products */,
			);
			sourceTree = "<group>";
		};
		749BC0E5296D6AAF008A3976 /* Products */ = {
			isa = PBXGroup;
			children = (
				749BC0E4296D6AAF008A3976 /* NewsApp-PinsteresLayout.app */,
			);
			name = Products;
			sourceTree = "<group>";
		};
		749BC0E6296D6AAF008A3976 /* NewsApp-PinsteresLayout */ = {
			isa = PBXGroup;
			children = (
				749BC0E7296D6AAF008A3976 /* AppDelegate.swift */,
				749BC0E9296D6AAF008A3976 /* SceneDelegate.swift */,
				749BC0F0296D6AB0008A3976 /* Assets.xcassets */,
				749BC0F5296D6AB0008A3976 /* Info.plist */,
				749BC101296D6B6D008A3976 /* Service */,
				749BC0FE296D6B0C008A3976 /* Model */,
				749BC0FD296D6AF9008A3976 /* ViewModel */,
				749BC0FB296D6AE3008A3976 /* View */,
				749BC10D296DA107008A3976 /* Extensions */,
			);
			path = "NewsApp-PinsteresLayout";
			sourceTree = "<group>";
		};
		749BC0FB296D6AE3008A3976 /* View */ = {
			isa = PBXGroup;
			children = (
				749BC0EB296D6AAF008A3976 /* ViewController.swift */,
				749BC10B296D9AAD008A3976 /* PhotoCellController.swift */,
				749BC0ED296D6AAF008A3976 /* Main.storyboard */,
				749BC0F2296D6AB0008A3976 /* LaunchScreen.storyboard */,
			);
			path = View;
			sourceTree = "<group>";
		};
		749BC0FD296D6AF9008A3976 /* ViewModel */ = {
			isa = PBXGroup;
			children = (
			);
			path = ViewModel;
			sourceTree = "<group>";
		};
		749BC0FE296D6B0C008A3976 /* Model */ = {
			isa = PBXGroup;
			children = (
				749BC0FF296D6B1A008A3976 /* NewsModel.swift */,
			);
			path = Model;
			sourceTree = "<group>";
		};
		749BC101296D6B6D008A3976 /* Service */ = {
			isa = PBXGroup;
			children = (
				749BC102296D6B7A008A3976 /* Network.swift */,
				749BC105296D90A1008A3976 /* Apikey+UrlConstants.swift */,
				749BC107296D9205008A3976 /* Endpoints.swift */,
				749BC109296D988D008A3976 /* Responses.swift */,
			);
			path = Service;
			sourceTree = "<group>";
		};
		749BC10D296DA107008A3976 /* Extensions */ = {
			isa = PBXGroup;
			children = (
				749BC10E296DA11C008A3976 /* UIImageView+Extensions.swift */,
				749BC110296DA140008A3976 /* UIView+Extensions.swift */,
			);
			path = Extensions;
			sourceTree = "<group>";
		};
/* End PBXGroup section */

/* Begin PBXNativeTarget section */
		749BC0E3296D6AAF008A3976 /* NewsApp-PinsteresLayout */ = {
			isa = PBXNativeTarget;
			buildConfigurationList = 749BC0F8296D6AB0008A3976 /* Build configuration list for PBXNativeTarget "NewsApp-PinsteresLayout" */;
			buildPhases = (
				749BC0E0296D6AAF008A3976 /* Sources */,
				749BC0E1296D6AAF008A3976 /* Frameworks */,
				749BC0E2296D6AAF008A3976 /* Resources */,
			);
			buildRules = (
			);
			dependencies = (
			);
			name = "NewsApp-PinsteresLayout";
			productName = "NewsApp-PinsteresLayout";
			productReference = 749BC0E4296D6AAF008A3976 /* NewsApp-PinsteresLayout.app */;
			productType = "com.apple.product-type.application";
		};
/* End PBXNativeTarget section */

/* Begin PBXProject section */
		749BC0DC296D6AAF008A3976 /* Project object */ = {
			isa = PBXProject;
			attributes = {
				BuildIndependentTargetsInParallel = 1;
				LastSwiftUpdateCheck = 1420;
				LastUpgradeCheck = 1420;
				TargetAttributes = {
					749BC0E3296D6AAF008A3976 = {
						CreatedOnToolsVersion = 14.2;
					};
				};
			};
			buildConfigurationList = 749BC0DF296D6AAF008A3976 /* Build configuration list for PBXProject "NewsApp-PinsteresLayout" */;
			compatibilityVersion = "Xcode 14.0";
			developmentRegion = en;
			hasScannedForEncodings = 0;
			knownRegions = (
				en,
				Base,
			);
			mainGroup = 749BC0DB296D6AAF008A3976;
			productRefGroup = 749BC0E5296D6AAF008A3976 /* Products */;
			projectDirPath = "";
			projectRoot = "";
			targets = (
				749BC0E3296D6AAF008A3976 /* NewsApp-PinsteresLayout */,
			);
		};
/* End PBXProject section */

/* Begin PBXResourcesBuildPhase section */
		749BC0E2296D6AAF008A3976 /* Resources */ = {
			isa = PBXResourcesBuildPhase;
			buildActionMask = 2147483647;
			files = (
				749BC0F4296D6AB0008A3976 /* LaunchScreen.storyboard in Resources */,
				749BC0F1296D6AB0008A3976 /* Assets.xcassets in Resources */,
				749BC0EF296D6AAF008A3976 /* Main.storyboard in Resources */,
			);
			runOnlyForDeploymentPostprocessing = 0;
		};
/* End PBXResourcesBuildPhase section */

/* Begin PBXSourcesBuildPhase section */
		749BC0E0296D6AAF008A3976 /* Sources */ = {
			isa = PBXSourcesBuildPhase;
			buildActionMask = 2147483647;
			files = (
				749BC10F296DA11C008A3976 /* UIImageView+Extensions.swift in Sources */,
				749BC100296D6B1A008A3976 /* NewsModel.swift in Sources */,
				749BC0EC296D6AAF008A3976 /* ViewController.swift in Sources */,
				749BC106296D90A1008A3976 /* Apikey+UrlConstants.swift in Sources */,
				749BC10C296D9AAD008A3976 /* PhotoCellController.swift in Sources */,
				749BC108296D9205008A3976 /* Endpoints.swift in Sources */,
				749BC10A296D988D008A3976 /* Responses.swift in Sources */,
				749BC103296D6B7A008A3976 /* Network.swift in Sources */,
				749BC0E8296D6AAF008A3976 /* AppDelegate.swift in Sources */,
				749BC0EA296D6AAF008A3976 /* SceneDelegate.swift in Sources */,
				749BC111296DA140008A3976 /* UIView+Extensions.swift in Sources */,
			);
			runOnlyForDeploymentPostprocessing = 0;
		};
/* End PBXSourcesBuildPhase section */

/* Begin PBXVariantGroup section */
		749BC0ED296D6AAF008A3976 /* Main.storyboard */ = {
			isa = PBXVariantGroup;
			children = (
				749BC0EE296D6AAF008A3976 /* Base */,
			);
			name = Main.storyboard;
			sourceTree = "<group>";
		};
		749BC0F2296D6AB0008A3976 /* LaunchScreen.storyboard */ = {
			isa = PBXVariantGroup;
			children = (
				749BC0F3296D6AB0008A3976 /* Base */,
			);
			name = LaunchScreen.storyboard;
			sourceTree = "<group>";
		};
/* End PBXVariantGroup section */

/* Begin XCBuildConfiguration section */
		749BC0F6296D6AB0008A3976 /* Debug */ = {
			isa = XCBuildConfiguration;
			buildSettings = {
				ALWAYS_SEARCH_USER_PATHS = NO;
				CLANG_ANALYZER_NONNULL = YES;
				CLANG_ANALYZER_NUMBER_OBJECT_CONVERSION = YES_AGGRESSIVE;
				CLANG_CXX_LANGUAGE_STANDARD = "gnu++20";
				CLANG_ENABLE_MODULES = YES;
				CLANG_ENABLE_OBJC_ARC = YES;
				CLANG_ENABLE_OBJC_WEAK = YES;
				CLANG_WARN_BLOCK_CAPTURE_AUTORELEASING = YES;
				CLANG_WARN_BOOL_CONVERSION = YES;
				CLANG_WARN_COMMA = YES;
				CLANG_WARN_CONSTANT_CONVERSION = YES;
				CLANG_WARN_DEPRECATED_OBJC_IMPLEMENTATIONS = YES;
				CLANG_WARN_DIRECT_OBJC_ISA_USAGE = YES_ERROR;
				CLANG_WARN_DOCUMENTATION_COMMENTS = YES;
				CLANG_WARN_EMPTY_BODY = YES;
				CLANG_WARN_ENUM_CONVERSION = YES;
				CLANG_WARN_INFINITE_RECURSION = YES;
				CLANG_WARN_INT_CONVERSION = YES;
				CLANG_WARN_NON_LITERAL_NULL_CONVERSION = YES;
				CLANG_WARN_OBJC_IMPLICIT_RETAIN_SELF = YES;
				CLANG_WARN_OBJC_LITERAL_CONVERSION = YES;
				CLANG_WARN_OBJC_ROOT_CLASS = YES_ERROR;
				CLANG_WARN_QUOTED_INCLUDE_IN_FRAMEWORK_HEADER = YES;
				CLANG_WARN_RANGE_LOOP_ANALYSIS = YES;
				CLANG_WARN_STRICT_PROTOTYPES = YES;
				CLANG_WARN_SUSPICIOUS_MOVE = YES;
				CLANG_WARN_UNGUARDED_AVAILABILITY = YES_AGGRESSIVE;
				CLANG_WARN_UNREACHABLE_CODE = YES;
				CLANG_WARN__DUPLICATE_METHOD_MATCH = YES;
				COPY_PHASE_STRIP = NO;
				DEBUG_INFORMATION_FORMAT = dwarf;
				ENABLE_STRICT_OBJC_MSGSEND = YES;
				ENABLE_TESTABILITY = YES;
				GCC_C_LANGUAGE_STANDARD = gnu11;
				GCC_DYNAMIC_NO_PIC = NO;
				GCC_NO_COMMON_BLOCKS = YES;
				GCC_OPTIMIZATION_LEVEL = 0;
				GCC_PREPROCESSOR_DEFINITIONS = (
					"DEBUG=1",
					"$(inherited)",
				);
				GCC_WARN_64_TO_32_BIT_CONVERSION = YES;
				GCC_WARN_ABOUT_RETURN_TYPE = YES_ERROR;
				GCC_WARN_UNDECLARED_SELECTOR = YES;
				GCC_WARN_UNINITIALIZED_AUTOS = YES_AGGRESSIVE;
				GCC_WARN_UNUSED_FUNCTION = YES;
				GCC_WARN_UNUSED_VARIABLE = YES;
				IPHONEOS_DEPLOYMENT_TARGET = 16.2;
				MTL_ENABLE_DEBUG_INFO = INCLUDE_SOURCE;
				MTL_FAST_MATH = YES;
				ONLY_ACTIVE_ARCH = YES;
				SDKROOT = iphoneos;
				SWIFT_ACTIVE_COMPILATION_CONDITIONS = DEBUG;
				SWIFT_OPTIMIZATION_LEVEL = "-Onone";
			};
			name = Debug;
		};
		749BC0F7296D6AB0008A3976 /* Release */ = {
			isa = XCBuildConfiguration;
			buildSettings = {
				ALWAYS_SEARCH_USER_PATHS = NO;
				CLANG_ANALYZER_NONNULL = YES;
				CLANG_ANALYZER_NUMBER_OBJECT_CONVERSION = YES_AGGRESSIVE;
				CLANG_CXX_LANGUAGE_STANDARD = "gnu++20";
				CLANG_ENABLE_MODULES = YES;
				CLANG_ENABLE_OBJC_ARC = YES;
				CLANG_ENABLE_OBJC_WEAK = YES;
				CLANG_WARN_BLOCK_CAPTURE_AUTORELEASING = YES;
				CLANG_WARN_BOOL_CONVERSION = YES;
				CLANG_WARN_COMMA = YES;
				CLANG_WARN_CONSTANT_CONVERSION = YES;
				CLANG_WARN_DEPRECATED_OBJC_IMPLEMENTATIONS = YES;
				CLANG_WARN_DIRECT_OBJC_ISA_USAGE = YES_ERROR;
				CLANG_WARN_DOCUMENTATION_COMMENTS = YES;
				CLANG_WARN_EMPTY_BODY = YES;
				CLANG_WARN_ENUM_CONVERSION = YES;
				CLANG_WARN_INFINITE_RECURSION = YES;
				CLANG_WARN_INT_CONVERSION = YES;
				CLANG_WARN_NON_LITERAL_NULL_CONVERSION = YES;
				CLANG_WARN_OBJC_IMPLICIT_RETAIN_SELF = YES;
				CLANG_WARN_OBJC_LITERAL_CONVERSION = YES;
				CLANG_WARN_OBJC_ROOT_CLASS = YES_ERROR;
				CLANG_WARN_QUOTED_INCLUDE_IN_FRAMEWORK_HEADER = YES;
				CLANG_WARN_RANGE_LOOP_ANALYSIS = YES;
				CLANG_WARN_STRICT_PROTOTYPES = YES;
				CLANG_WARN_SUSPICIOUS_MOVE = YES;
				CLANG_WARN_UNGUARDED_AVAILABILITY = YES_AGGRESSIVE;
				CLANG_WARN_UNREACHABLE_CODE = YES;
				CLANG_WARN__DUPLICATE_METHOD_MATCH = YES;
				COPY_PHASE_STRIP = NO;
				DEBUG_INFORMATION_FORMAT = "dwarf-with-dsym";
				ENABLE_NS_ASSERTIONS = NO;
				ENABLE_STRICT_OBJC_MSGSEND = YES;
				GCC_C_LANGUAGE_STANDARD = gnu11;
				GCC_NO_COMMON_BLOCKS = YES;
				GCC_WARN_64_TO_32_BIT_CONVERSION = YES;
				GCC_WARN_ABOUT_RETURN_TYPE = YES_ERROR;
				GCC_WARN_UNDECLARED_SELECTOR = YES;
				GCC_WARN_UNINITIALIZED_AUTOS = YES_AGGRESSIVE;
				GCC_WARN_UNUSED_FUNCTION = YES;
				GCC_WARN_UNUSED_VARIABLE = YES;
				IPHONEOS_DEPLOYMENT_TARGET = 16.2;
				MTL_ENABLE_DEBUG_INFO = NO;
				MTL_FAST_MATH = YES;
				SDKROOT = iphoneos;
				SWIFT_COMPILATION_MODE = wholemodule;
				SWIFT_OPTIMIZATION_LEVEL = "-O";
				VALIDATE_PRODUCT = YES;
			};
			name = Release;
		};
		749BC0F9296D6AB0008A3976 /* Debug */ = {
			isa = XCBuildConfiguration;
			buildSettings = {
				ASSETCATALOG_COMPILER_APPICON_NAME = AppIcon;
				ASSETCATALOG_COMPILER_GLOBAL_ACCENT_COLOR_NAME = AccentColor;
				CODE_SIGN_STYLE = Automatic;
				CURRENT_PROJECT_VERSION = 1;
				DEVELOPMENT_TEAM = 3JFC7AD7WA;
				GENERATE_INFOPLIST_FILE = YES;
				INFOPLIST_FILE = "NewsApp-PinsteresLayout/Info.plist";
				INFOPLIST_KEY_UIApplicationSupportsIndirectInputEvents = YES;
				INFOPLIST_KEY_UILaunchStoryboardName = LaunchScreen;
				INFOPLIST_KEY_UIMainStoryboardFile = Main;
				INFOPLIST_KEY_UISupportedInterfaceOrientations_iPad = "UIInterfaceOrientationPortrait UIInterfaceOrientationPortraitUpsideDown UIInterfaceOrientationLandscapeLeft UIInterfaceOrientationLandscapeRight";
				INFOPLIST_KEY_UISupportedInterfaceOrientations_iPhone = "UIInterfaceOrientationPortrait UIInterfaceOrientationLandscapeLeft UIInterfaceOrientationLandscapeRight";
				IPHONEOS_DEPLOYMENT_TARGET = 15.0;
				LD_RUNPATH_SEARCH_PATHS = (
					"$(inherited)",
					"@executable_path/Frameworks",
				);
				MARKETING_VERSION = 1.0;
				PRODUCT_BUNDLE_IDENTIFIER = "comMuhammed.NewsApp-PinsteresLayout";
				PRODUCT_NAME = "$(TARGET_NAME)";
				SWIFT_EMIT_LOC_STRINGS = YES;
				SWIFT_VERSION = 5.0;
				TARGETED_DEVICE_FAMILY = "1,2";
			};
			name = Debug;
		};
		749BC0FA296D6AB0008A3976 /* Release */ = {
			isa = XCBuildConfiguration;
			buildSettings = {
				ASSETCATALOG_COMPILER_APPICON_NAME = AppIcon;
				ASSETCATALOG_COMPILER_GLOBAL_ACCENT_COLOR_NAME = AccentColor;
				CODE_SIGN_STYLE = Automatic;
				CURRENT_PROJECT_VERSION = 1;
				DEVELOPMENT_TEAM = 3JFC7AD7WA;
				GENERATE_INFOPLIST_FILE = YES;
				INFOPLIST_FILE = "NewsApp-PinsteresLayout/Info.plist";
				INFOPLIST_KEY_UIApplicationSupportsIndirectInputEvents = YES;
				INFOPLIST_KEY_UILaunchStoryboardName = LaunchScreen;
				INFOPLIST_KEY_UIMainStoryboardFile = Main;
				INFOPLIST_KEY_UISupportedInterfaceOrientations_iPad = "UIInterfaceOrientationPortrait UIInterfaceOrientationPortraitUpsideDown UIInterfaceOrientationLandscapeLeft UIInterfaceOrientationLandscapeRight";
				INFOPLIST_KEY_UISupportedInterfaceOrientations_iPhone = "UIInterfaceOrientationPortrait UIInterfaceOrientationLandscapeLeft UIInterfaceOrientationLandscapeRight";
				IPHONEOS_DEPLOYMENT_TARGET = 15.0;
				LD_RUNPATH_SEARCH_PATHS = (
					"$(inherited)",
					"@executable_path/Frameworks",
				);
				MARKETING_VERSION = 1.0;
				PRODUCT_BUNDLE_IDENTIFIER = "comMuhammed.NewsApp-PinsteresLayout";
				PRODUCT_NAME = "$(TARGET_NAME)";
				SWIFT_EMIT_LOC_STRINGS = YES;
				SWIFT_VERSION = 5.0;
				TARGETED_DEVICE_FAMILY = "1,2";
			};
			name = Release;
		};
/* End XCBuildConfiguration section */

/* Begin XCConfigurationList section */
		749BC0DF296D6AAF008A3976 /* Build configuration list for PBXProject "NewsApp-PinsteresLayout" */ = {
			isa = XCConfigurationList;
			buildConfigurations = (
				749BC0F6296D6AB0008A3976 /* Debug */,
				749BC0F7296D6AB0008A3976 /* Release */,
			);
			defaultConfigurationIsVisible = 0;
			defaultConfigurationName = Release;
		};
		749BC0F8296D6AB0008A3976 /* Build configuration list for PBXNativeTarget "NewsApp-PinsteresLayout" */ = {
			isa = XCConfigurationList;
			buildConfigurations = (
				749BC0F9296D6AB0008A3976 /* Debug */,
				749BC0FA296D6AB0008A3976 /* Release */,
			);
			defaultConfigurationIsVisible = 0;
			defaultConfigurationName = Release;
		};
/* End XCConfigurationList section */
	};
	rootObject = 749BC0DC296D6AAF008A3976 /* Project object */;
}
